
Microsoft Visual Studio Solution File, Format Version 12.00
# Visual Studio Version 16
VisualStudioVersion = 16.0.28902.138
MinimumVisualStudioVersion = 10.0.40219.1
Project("{2150E333-8FDC-42A3-9474-1A3956D46DE8}") = "External Files", "External Files", "{3DEF9835-ADCC-4E7F-87F7-4008CCDCFB38}"
	ProjectSection(SolutionItems) = preProject
		External Files\Books.bacpac = External Files\Books.bacpac
		README.md = README.md
	EndProjectSection
EndProject
Project("{9A19103F-16F7-4668-BE54-9A1E7A4F7556}") = "BlazorLibrary.ServerSideBlazor", "BlazorLibrary.ServerSideBlazor\BlazorLibrary.ServerSideBlazor.csproj", "{2BC56AE1-D9A0-47DE-84B0-FF519A5B34BE}"
EndProject
Project("{9A19103F-16F7-4668-BE54-9A1E7A4F7556}") = "BlazorLibrary.Components", "BlazorLibrary.Components\BlazorLibrary.Components.csproj", "{B0BB23C9-49D1-461E-8806-A0E563E5536D}"
EndProject
Project("{2150E333-8FDC-42A3-9474-1A3956D46DE8}") = "OutOfBox", "OutOfBox", "{C79728CA-612C-436C-80B5-3ADE7BE91DD6}"
EndProject
Project("{9A19103F-16F7-4668-BE54-9A1E7A4F7556}") = "OutOfBox.ServerSideBlazor", "OutOfBox.ServerSideBlazor\OutOfBox.ServerSideBlazor.csproj", "{80ABDBAA-F992-4189-A6B1-ADAC30EE80F8}"
EndProject
Project("{9A19103F-16F7-4668-BE54-9A1E7A4F7556}") = "OutOfBox.ClientSideBlazor", "OutOfBox.ClientSideBlazor\OutOfBox.ClientSideBlazor.csproj", "{2D7F722A-0A29-4860-B6E7-80E4D90D0B45}"
EndProject
Project("{9A19103F-16F7-4668-BE54-9A1E7A4F7556}") = "OutOfBox.AspNetCoreHostedBlazor.Server", "OutOfBox.AspNetCoreHostedBlazor.Server\OutOfBox.AspNetCoreHostedBlazor.Server.csproj", "{4E2E8864-1C6E-445E-B5E0-E75B9EE2BD12}"
EndProject
Project("{9A19103F-16F7-4668-BE54-9A1E7A4F7556}") = "OutOfBox.AspNetCoreHostedBlazor.Client", "OutOfBox.AspNetCoreHostedBlazor.Client\OutOfBox.AspNetCoreHostedBlazor.Client.csproj", "{7D6670C1-11FC-4980-BDF9-9E67001AF710}"
EndProject
Project("{9A19103F-16F7-4668-BE54-9A1E7A4F7556}") = "OutOfBox.AspNetCoreHostedBlazor.Shared", "OutOfBox.AspNetCoreHostedBlazor.Shared\OutOfBox.AspNetCoreHostedBlazor.Shared.csproj", "{D248F440-2A1C-4354-BD38-12AABE1023A3}"
EndProject
Project("{2150E333-8FDC-42A3-9474-1A3956D46DE8}") = "LibraryDemos", "LibraryDemos", "{DD0CBE64-30BB-45BE-B840-0FDCA07B94A7}"
EndProject
Project("{9A19103F-16F7-4668-BE54-9A1E7A4F7556}") = "BlazorLibrary.AspNetCoreHostedBlazor.Server", "BlazorLibrary.AspNetCoreHostedBlazor.Server\BlazorLibrary.AspNetCoreHostedBlazor.Server.csproj", "{BBE2FD0A-B83B-4C36-A812-F6F8E29671C1}"
EndProject
Project("{9A19103F-16F7-4668-BE54-9A1E7A4F7556}") = "BlazorLibrary.AspNetCoreHostedBlazor.Client", "BlazorLibrary.AspNetCoreHostedBlazor.Client\BlazorLibrary.AspNetCoreHostedBlazor.Client.csproj", "{23B05C3F-CCF6-4EA2-A7E9-1B87EFB985C8}"
EndProject
Project("{9A19103F-16F7-4668-BE54-9A1E7A4F7556}") = "BlazorLibrary.Data", "BlazorLibrary.Data\BlazorLibrary.Data.csproj", "{B4304E11-0AED-4BF5-9467-99A848A4AEE8}"
EndProject
Project("{9A19103F-16F7-4668-BE54-9A1E7A4F7556}") = "BlazorLibrary.Shared", "BlazorLibrary.Shared\BlazorLibrary.Shared.csproj", "{C58E00AE-D664-4925-84CB-82994100CB86}"
EndProject
Project("{2150E333-8FDC-42A3-9474-1A3956D46DE8}") = "AzureDemos", "AzureDemos", "{A2C89E21-0A20-4FC6-8173-B259ADD0D756}"
EndProject
Project("{9A19103F-16F7-4668-BE54-9A1E7A4F7556}") = "BlazorAzure.Functions", "BlazorAzure.Functions\BlazorAzure.Functions.csproj", "{24B62D3D-EAF5-4CF4-98F2-BF125F103DBD}"
EndProject
Project("{9A19103F-16F7-4668-BE54-9A1E7A4F7556}") = "BlazorAzure.WebApp", "BlazorAzure.WebApp\BlazorAzure.WebApp.csproj", "{0AFD770A-6C38-4236-B1D3-2FA411708565}"
EndProject
Project("{9A19103F-16F7-4668-BE54-9A1E7A4F7556}") = "OutOfBox.SharedBlazorComponent", "OutOfBox.SharedBlazorComponent\OutOfBox.SharedBlazorComponent.csproj", "{41564E0E-D3DC-48AF-947B-4ACDFC250D41}"
EndProject
Project("{9A19103F-16F7-4668-BE54-9A1E7A4F7556}") = "OutOfBox.SharedComponentDemoApp", "OutOfBox.SharedComponentDemoApp\OutOfBox.SharedComponentDemoApp.csproj", "{37EB17E1-D365-41BE-978E-AC72ABC26B87}"
EndProject
Global
	GlobalSection(SolutionConfigurationPlatforms) = preSolution
		Debug|Any CPU = Debug|Any CPU
		Release|Any CPU = Release|Any CPU
	EndGlobalSection
	GlobalSection(ProjectConfigurationPlatforms) = postSolution
		{2BC56AE1-D9A0-47DE-84B0-FF519A5B34BE}.Debug|Any CPU.ActiveCfg = Debug|Any CPU
		{2BC56AE1-D9A0-47DE-84B0-FF519A5B34BE}.Debug|Any CPU.Build.0 = Debug|Any CPU
		{2BC56AE1-D9A0-47DE-84B0-FF519A5B34BE}.Release|Any CPU.ActiveCfg = Release|Any CPU
		{2BC56AE1-D9A0-47DE-84B0-FF519A5B34BE}.Release|Any CPU.Build.0 = Release|Any CPU
		{B0BB23C9-49D1-461E-8806-A0E563E5536D}.Debug|Any CPU.ActiveCfg = Debug|Any CPU
		{B0BB23C9-49D1-461E-8806-A0E563E5536D}.Debug|Any CPU.Build.0 = Debug|Any CPU
		{B0BB23C9-49D1-461E-8806-A0E563E5536D}.Release|Any CPU.ActiveCfg = Release|Any CPU
		{B0BB23C9-49D1-461E-8806-A0E563E5536D}.Release|Any CPU.Build.0 = Release|Any CPU
		{80ABDBAA-F992-4189-A6B1-ADAC30EE80F8}.Debug|Any CPU.ActiveCfg = Debug|Any CPU
		{80ABDBAA-F992-4189-A6B1-ADAC30EE80F8}.Debug|Any CPU.Build.0 = Debug|Any CPU
		{80ABDBAA-F992-4189-A6B1-ADAC30EE80F8}.Release|Any CPU.ActiveCfg = Release|Any CPU
		{80ABDBAA-F992-4189-A6B1-ADAC30EE80F8}.Release|Any CPU.Build.0 = Release|Any CPU
		{2D7F722A-0A29-4860-B6E7-80E4D90D0B45}.Debug|Any CPU.ActiveCfg = Debug|Any CPU
		{2D7F722A-0A29-4860-B6E7-80E4D90D0B45}.Debug|Any CPU.Build.0 = Debug|Any CPU
		{2D7F722A-0A29-4860-B6E7-80E4D90D0B45}.Release|Any CPU.ActiveCfg = Release|Any CPU
		{2D7F722A-0A29-4860-B6E7-80E4D90D0B45}.Release|Any CPU.Build.0 = Release|Any CPU
		{4E2E8864-1C6E-445E-B5E0-E75B9EE2BD12}.Debug|Any CPU.ActiveCfg = Debug|Any CPU
		{4E2E8864-1C6E-445E-B5E0-E75B9EE2BD12}.Debug|Any CPU.Build.0 = Debug|Any CPU
		{4E2E8864-1C6E-445E-B5E0-E75B9EE2BD12}.Release|Any CPU.ActiveCfg = Release|Any CPU
		{4E2E8864-1C6E-445E-B5E0-E75B9EE2BD12}.Release|Any CPU.Build.0 = Release|Any CPU
		{7D6670C1-11FC-4980-BDF9-9E67001AF710}.Debug|Any CPU.ActiveCfg = Debug|Any CPU
		{7D6670C1-11FC-4980-BDF9-9E67001AF710}.Debug|Any CPU.Build.0 = Debug|Any CPU
		{7D6670C1-11FC-4980-BDF9-9E67001AF710}.Release|Any CPU.ActiveCfg = Release|Any CPU
		{7D6670C1-11FC-4980-BDF9-9E67001AF710}.Release|Any CPU.Build.0 = Release|Any CPU
		{D248F440-2A1C-4354-BD38-12AABE1023A3}.Debug|Any CPU.ActiveCfg = Debug|Any CPU
		{D248F440-2A1C-4354-BD38-12AABE1023A3}.Debug|Any CPU.Build.0 = Debug|Any CPU
		{D248F440-2A1C-4354-BD38-12AABE1023A3}.Release|Any CPU.ActiveCfg = Release|Any CPU
		{D248F440-2A1C-4354-BD38-12AABE1023A3}.Release|Any CPU.Build.0 = Release|Any CPU
		{BBE2FD0A-B83B-4C36-A812-F6F8E29671C1}.Debug|Any CPU.ActiveCfg = Debug|Any CPU
		{BBE2FD0A-B83B-4C36-A812-F6F8E29671C1}.Debug|Any CPU.Build.0 = Debug|Any CPU
		{BBE2FD0A-B83B-4C36-A812-F6F8E29671C1}.Release|Any CPU.ActiveCfg = Release|Any CPU
		{BBE2FD0A-B83B-4C36-A812-F6F8E29671C1}.Release|Any CPU.Build.0 = Release|Any CPU
		{23B05C3F-CCF6-4EA2-A7E9-1B87EFB985C8}.Debug|Any CPU.ActiveCfg = Debug|Any CPU
		{23B05C3F-CCF6-4EA2-A7E9-1B87EFB985C8}.Debug|Any CPU.Build.0 = Debug|Any CPU
		{23B05C3F-CCF6-4EA2-A7E9-1B87EFB985C8}.Release|Any CPU.ActiveCfg = Release|Any CPU
		{23B05C3F-CCF6-4EA2-A7E9-1B87EFB985C8}.Release|Any CPU.Build.0 = Release|Any CPU
		{B4304E11-0AED-4BF5-9467-99A848A4AEE8}.Debug|Any CPU.ActiveCfg = Debug|Any CPU
		{B4304E11-0AED-4BF5-9467-99A848A4AEE8}.Debug|Any CPU.Build.0 = Debug|Any CPU
		{B4304E11-0AED-4BF5-9467-99A848A4AEE8}.Release|Any CPU.ActiveCfg = Release|Any CPU
		{B4304E11-0AED-4BF5-9467-99A848A4AEE8}.Release|Any CPU.Build.0 = Release|Any CPU
		{C58E00AE-D664-4925-84CB-82994100CB86}.Debug|Any CPU.ActiveCfg = Debug|Any CPU
		{C58E00AE-D664-4925-84CB-82994100CB86}.Debug|Any CPU.Build.0 = Debug|Any CPU
		{C58E00AE-D664-4925-84CB-82994100CB86}.Release|Any CPU.ActiveCfg = Release|Any CPU
		{C58E00AE-D664-4925-84CB-82994100CB86}.Release|Any CPU.Build.0 = Release|Any CPU
		{24B62D3D-EAF5-4CF4-98F2-BF125F103DBD}.Debug|Any CPU.ActiveCfg = Debug|Any CPU
		{24B62D3D-EAF5-4CF4-98F2-BF125F103DBD}.Debug|Any CPU.Build.0 = Debug|Any CPU
		{24B62D3D-EAF5-4CF4-98F2-BF125F103DBD}.Release|Any CPU.ActiveCfg = Release|Any CPU
		{24B62D3D-EAF5-4CF4-98F2-BF125F103DBD}.Release|Any CPU.Build.0 = Release|Any CPU
		{0AFD770A-6C38-4236-B1D3-2FA411708565}.Debug|Any CPU.ActiveCfg = Debug|Any CPU
		{0AFD770A-6C38-4236-B1D3-2FA411708565}.Debug|Any CPU.Build.0 = Debug|Any CPU
		{0AFD770A-6C38-4236-B1D3-2FA411708565}.Release|Any CPU.ActiveCfg = Release|Any CPU
		{0AFD770A-6C38-4236-B1D3-2FA411708565}.Release|Any CPU.Build.0 = Release|Any CPU
		{41564E0E-D3DC-48AF-947B-4ACDFC250D41}.Debug|Any CPU.ActiveCfg = Debug|Any CPU
		{41564E0E-D3DC-48AF-947B-4ACDFC250D41}.Debug|Any CPU.Build.0 = Debug|Any CPU
		{41564E0E-D3DC-48AF-947B-4ACDFC250D41}.Release|Any CPU.ActiveCfg = Release|Any CPU
		{41564E0E-D3DC-48AF-947B-4ACDFC250D41}.Release|Any CPU.Build.0 = Release|Any CPU
		{37EB17E1-D365-41BE-978E-AC72ABC26B87}.Debug|Any CPU.ActiveCfg = Debug|Any CPU
		{37EB17E1-D365-41BE-978E-AC72ABC26B87}.Debug|Any CPU.Build.0 = Debug|Any CPU
		{37EB17E1-D365-41BE-978E-AC72ABC26B87}.Release|Any CPU.ActiveCfg = Release|Any CPU
		{37EB17E1-D365-41BE-978E-AC72ABC26B87}.Release|Any CPU.Build.0 = Release|Any CPU
	EndGlobalSection
	GlobalSection(SolutionProperties) = preSolution
		HideSolutionNode = FALSE
	EndGlobalSection
	GlobalSection(NestedProjects) = preSolution
		{2BC56AE1-D9A0-47DE-84B0-FF519A5B34BE} = {DD0CBE64-30BB-45BE-B840-0FDCA07B94A7}
		{B0BB23C9-49D1-461E-8806-A0E563E5536D} = {DD0CBE64-30BB-45BE-B840-0FDCA07B94A7}
		{80ABDBAA-F992-4189-A6B1-ADAC30EE80F8} = {C79728CA-612C-436C-80B5-3ADE7BE91DD6}
		{2D7F722A-0A29-4860-B6E7-80E4D90D0B45} = {C79728CA-612C-436C-80B5-3ADE7BE91DD6}
		{4E2E8864-1C6E-445E-B5E0-E75B9EE2BD12} = {C79728CA-612C-436C-80B5-3ADE7BE91DD6}
		{7D6670C1-11FC-4980-BDF9-9E67001AF710} = {C79728CA-612C-436C-80B5-3ADE7BE91DD6}
		{D248F440-2A1C-4354-BD38-12AABE1023A3} = {C79728CA-612C-436C-80B5-3ADE7BE91DD6}
		{BBE2FD0A-B83B-4C36-A812-F6F8E29671C1} = {DD0CBE64-30BB-45BE-B840-0FDCA07B94A7}
		{23B05C3F-CCF6-4EA2-A7E9-1B87EFB985C8} = {DD0CBE64-30BB-45BE-B840-0FDCA07B94A7}
		{B4304E11-0AED-4BF5-9467-99A848A4AEE8} = {DD0CBE64-30BB-45BE-B840-0FDCA07B94A7}
		{C58E00AE-D664-4925-84CB-82994100CB86} = {DD0CBE64-30BB-45BE-B840-0FDCA07B94A7}
		{24B62D3D-EAF5-4CF4-98F2-BF125F103DBD} = {A2C89E21-0A20-4FC6-8173-B259ADD0D756}
		{0AFD770A-6C38-4236-B1D3-2FA411708565} = {A2C89E21-0A20-4FC6-8173-B259ADD0D756}
		{41564E0E-D3DC-48AF-947B-4ACDFC250D41} = {C79728CA-612C-436C-80B5-3ADE7BE91DD6}
		{37EB17E1-D365-41BE-978E-AC72ABC26B87} = {C79728CA-612C-436C-80B5-3ADE7BE91DD6}
	EndGlobalSection
	GlobalSection(ExtensibilityGlobals) = postSolution
		SolutionGuid = {962FDD58-51A5-474C-A563-DA07EBDBEB5B}
	EndGlobalSection
EndGlobal
